
Microsoft Visual Studio Solution File, Format Version 12.00
# Visual Studio Version 17
VisualStudioVersion = 17.14.36408.4 d17.14
MinimumVisualStudioVersion = 10.0.40219.1
Project("{FAE04EC0-301F-11D3-BF4B-00C04F79EFBC}") = "activity7", "activity7\activity7.csproj", "{1C6EE8C1-CA0E-470F-9707-923E8B1D793E}"
EndProject
Global
	GlobalSection(SolutionConfigurationPlatforms) = preSolution
		Debug|Any CPU = Debug|Any CPU
		Release|Any CPU = Release|Any CPU
	EndGlobalSection
	GlobalSection(ProjectConfigurationPlatforms) = postSolution
		{1C6EE8C1-CA0E-470F-9707-923E8B1D793E}.Debug|Any CPU.ActiveCfg = Debug|Any CPU
		{1C6EE8C1-CA0E-470F-9707-923E8B1D793E}.Debug|Any CPU.Build.0 = Debug|Any CPU
		{1C6EE8C1-CA0E-470F-9707-923E8B1D793E}.Release|Any CPU.ActiveCfg = Release|Any CPU
		{1C6EE8C1-CA0E-470F-9707-923E8B1D793E}.Release|Any CPU.Build.0 = Release|Any CPU
	EndGlobalSection
	GlobalSection(SolutionProperties) = preSolution
		HideSolutionNode = FALSE
	EndGlobalSection
	GlobalSection(ExtensibilityGlobals) = postSolution
		SolutionGuid = {EA2DF476-7CD9-4482-82E3-9DF536AD3838}
	EndGlobalSection
EndGlobal
