
Microsoft Visual Studio Solution File, Format Version 12.00
# Visual Studio Version 17
VisualStudioVersion = 17.14.36408.4 d17.14
MinimumVisualStudioVersion = 10.0.40219.1
Project("{FAE04EC0-301F-11D3-BF4B-00C04F79EFBC}") = "cashierApplication", "simpleCashier\cashierApplication.csproj", "{240B969F-B686-4168-91E2-CC839AAE12D0}"
EndProject
Global
	GlobalSection(SolutionConfigurationPlatforms) = preSolution
		Debug|Any CPU = Debug|Any CPU
		Release|Any CPU = Release|Any CPU
	EndGlobalSection
	GlobalSection(ProjectConfigurationPlatforms) = postSolution
		{240B969F-B686-4168-91E2-CC839AAE12D0}.Debug|Any CPU.ActiveCfg = Debug|Any CPU
		{240B969F-B686-4168-91E2-CC839AAE12D0}.Debug|Any CPU.Build.0 = Debug|Any CPU
		{240B969F-B686-4168-91E2-CC839AAE12D0}.Release|Any CPU.ActiveCfg = Release|Any CPU
		{240B969F-B686-4168-91E2-CC839AAE12D0}.Release|Any CPU.Build.0 = Release|Any CPU
	EndGlobalSection
	GlobalSection(SolutionProperties) = preSolution
		HideSolutionNode = FALSE
	EndGlobalSection
	GlobalSection(ExtensibilityGlobals) = postSolution
		SolutionGuid = {A8E4E29B-FF72-44D4-8EB4-48685E6770E4}
	EndGlobalSection
EndGlobal
